
Microsoft Visual Studio Solution File, Format Version 12.00
# Visual Studio Version 17
VisualStudioVersion = 17.13.35931.197
MinimumVisualStudioVersion = 10.0.40219.1
Project("{FAE04EC0-301F-11D3-BF4B-00C04F79EFBC}") = "Sprakkompis.Web", "Sprakkompis.Web\Sprakkompis.Web.csproj", "{9C39D096-5F16-47AD-8EA4-F84C10ABBF1A}"
EndProject
Project("{FAE04EC0-301F-11D3-BF4B-00C04F79EFBC}") = "Sprakkompis.Infrastructure", "Sprakkompis.Infrastructure\Sprakkompis.Infrastructure.csproj", "{D6406280-BC4C-46B6-A808-60C7C118EC28}"
EndProject
Project("{FAE04EC0-301F-11D3-BF4B-00C04F79EFBC}") = "Sprakkompis.Core", "Sprakkompis.Core\Sprakkompis.Core.csproj", "{92E87309-B7E4-477D-B4E3-65C73F9B3926}"
EndProject
Global
	GlobalSection(SolutionConfigurationPlatforms) = preSolution
		Debug|Any CPU = Debug|Any CPU
		Release|Any CPU = Release|Any CPU
	EndGlobalSection
	GlobalSection(ProjectConfigurationPlatforms) = postSolution
		{9C39D096-5F16-47AD-8EA4-F84C10ABBF1A}.Debug|Any CPU.ActiveCfg = Debug|Any CPU
		{9C39D096-5F16-47AD-8EA4-F84C10ABBF1A}.Debug|Any CPU.Build.0 = Debug|Any CPU
		{9C39D096-5F16-47AD-8EA4-F84C10ABBF1A}.Release|Any CPU.ActiveCfg = Release|Any CPU
		{9C39D096-5F16-47AD-8EA4-F84C10ABBF1A}.Release|Any CPU.Build.0 = Release|Any CPU
		{D6406280-BC4C-46B6-A808-60C7C118EC28}.Debug|Any CPU.ActiveCfg = Debug|Any CPU
		{D6406280-BC4C-46B6-A808-60C7C118EC28}.Debug|Any CPU.Build.0 = Debug|Any CPU
		{D6406280-BC4C-46B6-A808-60C7C118EC28}.Release|Any CPU.ActiveCfg = Release|Any CPU
		{D6406280-BC4C-46B6-A808-60C7C118EC28}.Release|Any CPU.Build.0 = Release|Any CPU
		{92E87309-B7E4-477D-B4E3-65C73F9B3926}.Debug|Any CPU.ActiveCfg = Debug|Any CPU
		{92E87309-B7E4-477D-B4E3-65C73F9B3926}.Debug|Any CPU.Build.0 = Debug|Any CPU
		{92E87309-B7E4-477D-B4E3-65C73F9B3926}.Release|Any CPU.ActiveCfg = Release|Any CPU
		{92E87309-B7E4-477D-B4E3-65C73F9B3926}.Release|Any CPU.Build.0 = Release|Any CPU
	EndGlobalSection
	GlobalSection(SolutionProperties) = preSolution
		HideSolutionNode = FALSE
	EndGlobalSection
	GlobalSection(ExtensibilityGlobals) = postSolution
		SolutionGuid = {20E92845-48D7-47E8-9287-AD9774DE7273}
	EndGlobalSection
EndGlobal
